{
  "name": "assets",
  "lockfileVersion": 3,
  "requires": true,
  "packages": {
    "": {
      "dependencies": {
        "javascript-time-ago": "^2.5.11"
      }
    },
    "node_modules/javascript-time-ago": {
      "version": "2.5.11",
      "resolved": "https://registry.npmjs.org/javascript-time-ago/-/javascript-time-ago-2.5.11.tgz",
      "integrity": "sha512-Zeyf5R7oM1fSMW9zsU3YgAYwE0bimEeF54Udn2ixGd8PUwu+z1Yc5t4Y8YScJDMHD6uCx6giLt3VJR5K4CMwbg==",
      "license": "MIT",
      "dependencies": {
        "relative-time-format": "^1.1.6"
      }
    },
    "node_modules/relative-time-format": {
      "version": "1.1.6",
      "resolved": "https://registry.npmjs.org/relative-time-format/-/relative-time-format-1.1.6.tgz",
      "integrity": "sha512-aCv3juQw4hT1/P/OrVltKWLlp15eW1GRcwP1XdxHrPdZE9MtgqFpegjnTjLhi2m2WI9MT/hQQtE+tjEWG1hgkQ==",
      "license": "MIT"
    }
  }
}
